
Microsoft Visual Studio Solution File, Format Version 12.00
# Visual Studio Version 16
VisualStudioVersion = 16.0.30002.166
MinimumVisualStudioVersion = 10.0.40219.1
Project("{8BC9CEB8-8B4A-11D0-8D11-00A0C91BC942}") = "Final exam", "Final exam\Final exam.vcxproj", "{5842CA12-3AB6-4A5E-8863-82C90AC6F8F7}"
EndProject
Global
	GlobalSection(SolutionConfigurationPlatforms) = preSolution
		Debug|x64 = Debug|x64
		Debug|x86 = Debug|x86
		Release|x64 = Release|x64
		Release|x86 = Release|x86
	EndGlobalSection
	GlobalSection(ProjectConfigurationPlatforms) = postSolution
		{5842CA12-3AB6-4A5E-8863-82C90AC6F8F7}.Debug|x64.ActiveCfg = Debug|x64
		{5842CA12-3AB6-4A5E-8863-82C90AC6F8F7}.Debug|x64.Build.0 = Debug|x64
		{5842CA12-3AB6-4A5E-8863-82C90AC6F8F7}.Debug|x86.ActiveCfg = Debug|Win32
		{5842CA12-3AB6-4A5E-8863-82C90AC6F8F7}.Debug|x86.Build.0 = Debug|Win32
		{5842CA12-3AB6-4A5E-8863-82C90AC6F8F7}.Release|x64.ActiveCfg = Release|x64
		{5842CA12-3AB6-4A5E-8863-82C90AC6F8F7}.Release|x64.Build.0 = Release|x64
		{5842CA12-3AB6-4A5E-8863-82C90AC6F8F7}.Release|x86.ActiveCfg = Release|Win32
		{5842CA12-3AB6-4A5E-8863-82C90AC6F8F7}.Release|x86.Build.0 = Release|Win32
	EndGlobalSection
	GlobalSection(SolutionProperties) = preSolution
		HideSolutionNode = FALSE
	EndGlobalSection
	GlobalSection(ExtensibilityGlobals) = postSolution
		SolutionGuid = {811E6C21-7F65-4F0B-B426-74905D1AAF26}
	EndGlobalSection
EndGlobal
