
Microsoft Visual Studio Solution File, Format Version 12.00
# Visual Studio Version 16
VisualStudioVersion = 16.0.30002.166
MinimumVisualStudioVersion = 10.0.40219.1
Project("{8BC9CEB8-8B4A-11D0-8D11-00A0C91BC942}") = "assignment7", "assignment7\assignment7.vcxproj", "{34C75252-9345-4CFC-89A4-30420E96DAAC}"
EndProject
Global
	GlobalSection(SolutionConfigurationPlatforms) = preSolution
		Debug|x64 = Debug|x64
		Debug|x86 = Debug|x86
		Release|x64 = Release|x64
		Release|x86 = Release|x86
	EndGlobalSection
	GlobalSection(ProjectConfigurationPlatforms) = postSolution
		{34C75252-9345-4CFC-89A4-30420E96DAAC}.Debug|x64.ActiveCfg = Debug|x64
		{34C75252-9345-4CFC-89A4-30420E96DAAC}.Debug|x64.Build.0 = Debug|x64
		{34C75252-9345-4CFC-89A4-30420E96DAAC}.Debug|x86.ActiveCfg = Debug|Win32
		{34C75252-9345-4CFC-89A4-30420E96DAAC}.Debug|x86.Build.0 = Debug|Win32
		{34C75252-9345-4CFC-89A4-30420E96DAAC}.Release|x64.ActiveCfg = Release|x64
		{34C75252-9345-4CFC-89A4-30420E96DAAC}.Release|x64.Build.0 = Release|x64
		{34C75252-9345-4CFC-89A4-30420E96DAAC}.Release|x86.ActiveCfg = Release|Win32
		{34C75252-9345-4CFC-89A4-30420E96DAAC}.Release|x86.Build.0 = Release|Win32
	EndGlobalSection
	GlobalSection(SolutionProperties) = preSolution
		HideSolutionNode = FALSE
	EndGlobalSection
	GlobalSection(ExtensibilityGlobals) = postSolution
		SolutionGuid = {C051A4DD-685D-42DD-9A9A-B7F34D5C082A}
	EndGlobalSection
EndGlobal
