
Microsoft Visual Studio Solution File, Format Version 12.00
# Visual Studio Version 16
VisualStudioVersion = 16.0.30002.166
MinimumVisualStudioVersion = 10.0.40219.1
Project("{8BC9CEB8-8B4A-11D0-8D11-00A0C91BC942}") = "assignment3", "assignment3\assignment3.vcxproj", "{D2365686-8326-4FA7-8F18-E0B24D5C1432}"
EndProject
Global
	GlobalSection(SolutionConfigurationPlatforms) = preSolution
		Debug|x64 = Debug|x64
		Debug|x86 = Debug|x86
		Release|x64 = Release|x64
		Release|x86 = Release|x86
	EndGlobalSection
	GlobalSection(ProjectConfigurationPlatforms) = postSolution
		{D2365686-8326-4FA7-8F18-E0B24D5C1432}.Debug|x64.ActiveCfg = Debug|x64
		{D2365686-8326-4FA7-8F18-E0B24D5C1432}.Debug|x64.Build.0 = Debug|x64
		{D2365686-8326-4FA7-8F18-E0B24D5C1432}.Debug|x86.ActiveCfg = Debug|Win32
		{D2365686-8326-4FA7-8F18-E0B24D5C1432}.Debug|x86.Build.0 = Debug|Win32
		{D2365686-8326-4FA7-8F18-E0B24D5C1432}.Release|x64.ActiveCfg = Release|x64
		{D2365686-8326-4FA7-8F18-E0B24D5C1432}.Release|x64.Build.0 = Release|x64
		{D2365686-8326-4FA7-8F18-E0B24D5C1432}.Release|x86.ActiveCfg = Release|Win32
		{D2365686-8326-4FA7-8F18-E0B24D5C1432}.Release|x86.Build.0 = Release|Win32
	EndGlobalSection
	GlobalSection(SolutionProperties) = preSolution
		HideSolutionNode = FALSE
	EndGlobalSection
	GlobalSection(ExtensibilityGlobals) = postSolution
		SolutionGuid = {232FAA0D-D341-4A56-B7F0-847AD69A74FD}
	EndGlobalSection
EndGlobal
